
Microsoft Visual Studio Solution File, Format Version 12.00
# Visual Studio Version 17
VisualStudioVersion = 17.5.002.0
MinimumVisualStudioVersion = 10.0.40219.1
Project("{2150E333-8FDC-42A3-9474-1A3956D46DE8}") = "02-fundamentos-e-recursos-da-linguagem-c-sharp", "02-fundamentos-e-recursos-da-linguagem-c-sharp", "{30E599EB-B261-4AF0-80E7-6FB94C143357}"
EndProject
Project("{2150E333-8FDC-42A3-9474-1A3956D46DE8}") = "01-hello-world-em-csharp-e-dotnet", "01-hello-world-em-csharp-e-dotnet", "{DDA1A0DC-117A-4DF3-9D5F-73EE8463DEB7}"
EndProject
Project("{9A19103F-16F7-4668-BE54-9A1E7A4F7556}") = "EnumExemplo", "02-fundamentos-e-recursos-da-linguagem-c-sharp\01-hello-world-em-csharp-e-dotnet\EnumExemplo\EnumExemplo.csproj", "{C7A22B13-AA9E-455E-89CF-8E87CFDD11EF}"
EndProject
Project("{9A19103F-16F7-4668-BE54-9A1E7A4F7556}") = "HelloWorld", "02-fundamentos-e-recursos-da-linguagem-c-sharp\01-hello-world-em-csharp-e-dotnet\HelloWorld\HelloWorld.csproj", "{AD9E3AC6-A94D-482E-9059-885C22F2C6AA}"
EndProject
Project("{9A19103F-16F7-4668-BE54-9A1E7A4F7556}") = "OperadoresAritmeticos", "02-fundamentos-e-recursos-da-linguagem-c-sharp\01-hello-world-em-csharp-e-dotnet\OperadoresAritmeticos\OperadoresAritmeticos.csproj", "{D12D5234-D46E-4EF2-8076-1E65D28296BA}"
EndProject
Project("{9A19103F-16F7-4668-BE54-9A1E7A4F7556}") = "LampadasExemplo", "02-fundamentos-e-recursos-da-linguagem-c-sharp\01-hello-world-em-csharp-e-dotnet\LampadasExemplo\LampadasExemplo.csproj", "{5F995EA0-6787-4297-BA3A-314216F4D9E6}"
EndProject
Global
	GlobalSection(SolutionConfigurationPlatforms) = preSolution
		Debug|Any CPU = Debug|Any CPU
		Release|Any CPU = Release|Any CPU
	EndGlobalSection
	GlobalSection(ProjectConfigurationPlatforms) = postSolution
		{C7A22B13-AA9E-455E-89CF-8E87CFDD11EF}.Debug|Any CPU.ActiveCfg = Debug|Any CPU
		{C7A22B13-AA9E-455E-89CF-8E87CFDD11EF}.Debug|Any CPU.Build.0 = Debug|Any CPU
		{C7A22B13-AA9E-455E-89CF-8E87CFDD11EF}.Release|Any CPU.ActiveCfg = Release|Any CPU
		{C7A22B13-AA9E-455E-89CF-8E87CFDD11EF}.Release|Any CPU.Build.0 = Release|Any CPU
		{AD9E3AC6-A94D-482E-9059-885C22F2C6AA}.Debug|Any CPU.ActiveCfg = Debug|Any CPU
		{AD9E3AC6-A94D-482E-9059-885C22F2C6AA}.Debug|Any CPU.Build.0 = Debug|Any CPU
		{AD9E3AC6-A94D-482E-9059-885C22F2C6AA}.Release|Any CPU.ActiveCfg = Release|Any CPU
		{AD9E3AC6-A94D-482E-9059-885C22F2C6AA}.Release|Any CPU.Build.0 = Release|Any CPU
		{D12D5234-D46E-4EF2-8076-1E65D28296BA}.Debug|Any CPU.ActiveCfg = Debug|Any CPU
		{D12D5234-D46E-4EF2-8076-1E65D28296BA}.Debug|Any CPU.Build.0 = Debug|Any CPU
		{D12D5234-D46E-4EF2-8076-1E65D28296BA}.Release|Any CPU.ActiveCfg = Release|Any CPU
		{D12D5234-D46E-4EF2-8076-1E65D28296BA}.Release|Any CPU.Build.0 = Release|Any CPU
		{5F995EA0-6787-4297-BA3A-314216F4D9E6}.Debug|Any CPU.ActiveCfg = Debug|Any CPU
		{5F995EA0-6787-4297-BA3A-314216F4D9E6}.Debug|Any CPU.Build.0 = Debug|Any CPU
		{5F995EA0-6787-4297-BA3A-314216F4D9E6}.Release|Any CPU.ActiveCfg = Release|Any CPU
		{5F995EA0-6787-4297-BA3A-314216F4D9E6}.Release|Any CPU.Build.0 = Release|Any CPU
	EndGlobalSection
	GlobalSection(SolutionProperties) = preSolution
		HideSolutionNode = FALSE
	EndGlobalSection
	GlobalSection(NestedProjects) = preSolution
		{DDA1A0DC-117A-4DF3-9D5F-73EE8463DEB7} = {30E599EB-B261-4AF0-80E7-6FB94C143357}
		{C7A22B13-AA9E-455E-89CF-8E87CFDD11EF} = {DDA1A0DC-117A-4DF3-9D5F-73EE8463DEB7}
		{AD9E3AC6-A94D-482E-9059-885C22F2C6AA} = {DDA1A0DC-117A-4DF3-9D5F-73EE8463DEB7}
		{D12D5234-D46E-4EF2-8076-1E65D28296BA} = {DDA1A0DC-117A-4DF3-9D5F-73EE8463DEB7}
		{5F995EA0-6787-4297-BA3A-314216F4D9E6} = {DDA1A0DC-117A-4DF3-9D5F-73EE8463DEB7}
	EndGlobalSection
	GlobalSection(ExtensibilityGlobals) = postSolution
		SolutionGuid = {936ECB8E-8F3A-48F4-86E6-B65DD9573F8F}
	EndGlobalSection
EndGlobal
